{
  "name": "vendor_packages",
  "lockfileVersion": 3,
  "requires": true,
  "packages": {
    "": {
      "dependencies": {
        "bootstrap": "^5.3.8",
        "cropperjs": "1.6.2",
        "video.js": "^8.23.9",
        "vis-timeline": "^8.5.1"
      }
    },
    "node_modules/@babel/runtime": {
      "version": "7.29.7",
      "resolved": "https://registry.npmjs.org/@babel/runtime/-/runtime-7.29.7.tgz",
      "integrity": "sha512-Nq8OhGWiZIZGV6hLHoyAKLLcJihP/xFeBMGJoUrxTX2psI8dCifzLhZISFb+VWS3wFMRDmCGw5R+dOySCqPLhw==",
      "license": "MIT",
      "engines": {
        "node": ">=6.9.0"
      }
    },
    "node_modules/@egjs/hammerjs": {
      "version": "2.0.17",
      "resolved": "https://registry.npmjs.org/@egjs/hammerjs/-/hammerjs-2.0.17.tgz",
      "integrity": "sha512-XQsZgjm2EcVUiZQf11UBJQfmZeEmOW8DpI1gsFeln6w0ae0ii4dMQEQ0kjl6DspdWX1aGY1/loyXnP0JS06e/A==",
      "license": "MIT",
      "peer": true,
      "dependencies": {
        "@types/hammerjs": "^2.0.36"
      },
      "engines": {
        "node": ">=0.8.0"
      }
    },
    "node_modules/@popperjs/core": {
      "version": "2.11.8",
      "resolved": "https://registry.npmjs.org/@popperjs/core/-/core-2.11.8.tgz",
      "integrity": "sha512-P1st0aksCrn9sGZhp8GMYwBnQsbvAWsZAX44oXNNvLHGqAOcoVxmjZiohstwQ7SqKnbR47akdNi+uleWD8+g6A==",
      "license": "MIT",
      "peer": true,
      "funding": {
        "type": "opencollective",
        "url": "https://opencollective.com/popperjs"
      }
    },
    "node_modules/@types/hammerjs": {
      "version": "2.0.46",
      "resolved": "https://registry.npmjs.org/@types/hammerjs/-/hammerjs-2.0.46.tgz",
      "integrity": "sha512-ynRvcq6wvqexJ9brDMS4BnBLzmr0e14d6ZJTEShTBWKymQiHwlAyGu0ZPEFI2Fh1U53F7tN9ufClWM5KvqkKOw==",
      "license": "MIT",
      "peer": true
    },
    "node_modules/@videojs/http-streaming": {
      "version": "3.17.5",
      "resolved": "https://registry.npmjs.org/@videojs/http-streaming/-/http-streaming-3.17.5.tgz",
      "integrity": "sha512-PRRQVu0hYW5h0XvRWpIyIpEatpMZzZtf7L1avV89Hnu+69f+0c7oLsSL9jwpg2nbvzGkdX5rQxQkz5Vc7tFR9w==",
      "license": "Apache-2.0",
      "dependencies": {
        "@babel/runtime": "^7.12.5",
        "@videojs/vhs-utils": "^4.1.2",
        "aes-decrypter": "^4.0.2",
        "global": "^4.4.0",
        "m3u8-parser": "^7.2.0",
        "mpd-parser": "^1.4.0",
        "mux.js": "7.1.0",
        "video.js": "^7 || ^8"
      },
      "engines": {
        "node": ">=8",
        "npm": ">=5"
      },
      "peerDependencies": {
        "video.js": "^8.19.0"
      }
    },
    "node_modules/@videojs/vhs-utils": {
      "version": "4.1.2",
      "resolved": "https://registry.npmjs.org/@videojs/vhs-utils/-/vhs-utils-4.1.2.tgz",
      "integrity": "sha512-1Dsv5dtWOq0LP1G37O46FQFA2tKAZON5UMe6dFPxT7JvPhEx8QIXcFQxan8+hHI3fX6aomFRFrUBJNgRYQDSXA==",
      "license": "MIT",
      "dependencies": {
        "@babel/runtime": "^7.12.5",
        "global": "^4.4.0"
      },
      "engines": {
        "node": ">=8",
        "npm": ">=5"
      }
    },
    "node_modules/@videojs/xhr": {
      "version": "2.7.0",
      "resolved": "https://registry.npmjs.org/@videojs/xhr/-/xhr-2.7.0.tgz",
      "integrity": "sha512-giab+EVRanChIupZK7gXjHy90y3nncA2phIOyG3Ne5fvpiMJzvqYwiTOnEVW2S4CoYcuKJkomat7bMXA/UoUZQ==",
      "license": "MIT",
      "dependencies": {
        "@babel/runtime": "^7.5.5",
        "global": "~4.4.0",
        "is-function": "^1.0.1"
      }
    },
    "node_modules/@xmldom/xmldom": {
      "version": "0.8.13",
      "resolved": "https://registry.npmjs.org/@xmldom/xmldom/-/xmldom-0.8.13.tgz",
      "integrity": "sha512-KRYzxepc14G/CEpEGc3Yn+JKaAeT63smlDr+vjB8jRfgTBBI9wRj/nkQEO+ucV8p8I9bfKLWp37uHgFrbntPvw==",
      "license": "MIT",
      "engines": {
        "node": ">=10.0.0"
      }
    },
    "node_modules/aes-decrypter": {
      "version": "4.0.2",
      "resolved": "https://registry.npmjs.org/aes-decrypter/-/aes-decrypter-4.0.2.tgz",
      "integrity": "sha512-lc+/9s6iJvuaRe5qDlMTpCFjnwpkeOXp8qP3oiZ5jsj1MRg+SBVUmmICrhxHvc8OELSmc+fEyyxAuppY6hrWzw==",
      "license": "Apache-2.0",
      "dependencies": {
        "@babel/runtime": "^7.12.5",
        "@videojs/vhs-utils": "^4.1.1",
        "global": "^4.4.0",
        "pkcs7": "^1.0.4"
      }
    },
    "node_modules/bootstrap": {
      "version": "5.3.8",
      "resolved": "https://registry.npmjs.org/bootstrap/-/bootstrap-5.3.8.tgz",
      "integrity": "sha512-HP1SZDqaLDPwsNiqRqi5NcP0SSXciX2s9E+RyqJIIqGo+vJeN5AJVM98CXmW/Wux0nQ5L7jeWUdplCEf0Ee+tg==",
      "funding": [
        {
          "type": "github",
          "url": "https://github.com/sponsors/twbs"
        },
        {
          "type": "opencollective",
          "url": "https://opencollective.com/bootstrap"
        }
      ],
      "license": "MIT",
      "peerDependencies": {
        "@popperjs/core": "^2.11.8"
      }
    },
    "node_modules/commander": {
      "version": "2.20.3",
      "resolved": "https://registry.npmjs.org/commander/-/commander-2.20.3.tgz",
      "integrity": "sha512-GpVkmM8vF2vQUkj2LvZmD35JxeJOLCwJ9cUkugyk2nuhbv3+mJvpLYYt+0+USMxE+oj+ey/lJEnhZw75x/OMcQ==",
      "license": "MIT",
      "peer": true
    },
    "node_modules/component-emitter": {
      "version": "1.3.1",
      "resolved": "https://registry.npmjs.org/component-emitter/-/component-emitter-1.3.1.tgz",
      "integrity": "sha512-T0+barUSQRTUQASh8bx02dl+DhF54GtIDY13Y3m9oWTklKbb3Wv974meRpeZ3lp1JpLVECWWNHC4vaG2XHXouQ==",
      "license": "MIT",
      "peer": true,
      "funding": {
        "url": "https://github.com/sponsors/sindresorhus"
      }
    },
    "node_modules/cropperjs": {
      "version": "1.6.2",
      "resolved": "https://registry.npmjs.org/cropperjs/-/cropperjs-1.6.2.tgz",
      "integrity": "sha512-nhymn9GdnV3CqiEHJVai54TULFAE3VshJTXSqSJKa8yXAKyBKDWdhHarnlIPrshJ0WMFTGuFvG02YjLXfPiuOA==",
      "license": "MIT"
    },
    "node_modules/cssfilter": {
      "version": "0.0.10",
      "resolved": "https://registry.npmjs.org/cssfilter/-/cssfilter-0.0.10.tgz",
      "integrity": "sha512-FAaLDaplstoRsDR8XGYH51znUN0UY7nMc6Z9/fvE8EXGwvJE9hu7W2vHwx1+bd6gCYnln9nLbzxFTrcO9YQDZw==",
      "license": "MIT",
      "peer": true
    },
    "node_modules/dom-walk": {
      "version": "0.1.2",
      "resolved": "https://registry.npmjs.org/dom-walk/-/dom-walk-0.1.2.tgz",
      "integrity": "sha512-6QvTW9mrGeIegrFXdtQi9pk7O/nSK6lSdXW2eqUspN5LWD7UTji2Fqw5V2YLjBpHEoU9Xl/eUWNpDeZvoyOv2w=="
    },
    "node_modules/global": {
      "version": "4.4.0",
      "resolved": "https://registry.npmjs.org/global/-/global-4.4.0.tgz",
      "integrity": "sha512-wv/LAoHdRE3BeTGz53FAamhGlPLhlssK45usmGFThIi4XqnBmjKQ16u+RNbP7WvigRZDxUsM0J3gcQ5yicaL0w==",
      "license": "MIT",
      "dependencies": {
        "min-document": "^2.19.0",
        "process": "^0.11.10"
      }
    },
    "node_modules/is-function": {
      "version": "1.0.2",
      "resolved": "https://registry.npmjs.org/is-function/-/is-function-1.0.2.tgz",
      "integrity": "sha512-lw7DUp0aWXYg+CBCN+JKkcE0Q2RayZnSvnZBlwgxHBQhqt5pZNVy4Ri7H9GmmXkdu7LUthszM+Tor1u/2iBcpQ==",
      "license": "MIT"
    },
    "node_modules/keycharm": {
      "version": "0.4.0",
      "resolved": "https://registry.npmjs.org/keycharm/-/keycharm-0.4.0.tgz",
      "integrity": "sha512-TyQTtsabOVv3MeOpR92sIKk/br9wxS+zGj4BG7CR8YbK4jM3tyIBaF0zhzeBUMx36/Q/iQLOKKOT+3jOQtemRQ==",
      "license": "(Apache-2.0 OR MIT)",
      "peer": true
    },
    "node_modules/m3u8-parser": {
      "version": "7.2.0",
      "resolved": "https://registry.npmjs.org/m3u8-parser/-/m3u8-parser-7.2.0.tgz",
      "integrity": "sha512-CRatFqpjVtMiMaKXxNvuI3I++vUumIXVVT/JpCpdU/FynV/ceVw1qpPyyBNindL+JlPMSesx+WX1QJaZEJSaMQ==",
      "license": "Apache-2.0",
      "dependencies": {
        "@babel/runtime": "^7.12.5",
        "@videojs/vhs-utils": "^4.1.1",
        "global": "^4.4.0"
      }
    },
    "node_modules/min-document": {
      "version": "2.19.2",
      "resolved": "https://registry.npmjs.org/min-document/-/min-document-2.19.2.tgz",
      "integrity": "sha512-8S5I8db/uZN8r9HSLFVWPdJCvYOejMcEC82VIzNUc6Zkklf/d1gg2psfE79/vyhWOj4+J8MtwmoOz3TmvaGu5A==",
      "license": "MIT",
      "dependencies": {
        "dom-walk": "^0.1.0"
      }
    },
    "node_modules/moment": {
      "version": "2.30.1",
      "resolved": "https://registry.npmjs.org/moment/-/moment-2.30.1.tgz",
      "integrity": "sha512-uEmtNhbDOrWPFS+hdjFCBfy9f2YoyzRpwcl+DqpC6taX21FzsTLQVbMV/W7PzNSX6x/bhC1zA3c2UQ5NzH6how==",
      "license": "MIT",
      "peer": true,
      "engines": {
        "node": "*"
      }
    },
    "node_modules/mpd-parser": {
      "version": "1.4.0",
      "resolved": "https://registry.npmjs.org/mpd-parser/-/mpd-parser-1.4.0.tgz",
      "integrity": "sha512-blbA7XpAaOdC/PR0Tu8GiUxlx6CpBuRowQPYV7lhi9Yr9G9+dkPXIUjqjzc/NCn/uZZPopluaJlIYntIEI/VLw==",
      "license": "Apache-2.0",
      "dependencies": {
        "@babel/runtime": "^7.12.5",
        "@videojs/vhs-utils": "^4.1.2",
        "@xmldom/xmldom": "^0.8.3",
        "global": "^4.4.0"
      },
      "bin": {
        "mpd-to-m3u8-json": "bin/parse.js"
      }
    },
    "node_modules/mux.js": {
      "version": "7.1.0",
      "resolved": "https://registry.npmjs.org/mux.js/-/mux.js-7.1.0.tgz",
      "integrity": "sha512-NTxawK/BBELJrYsZThEulyUMDVlLizKdxyAsMuzoCD1eFj97BVaA8D/CvKsKu6FOLYkFojN5CbM9h++ZTZtknA==",
      "license": "Apache-2.0",
      "dependencies": {
        "@babel/runtime": "^7.11.2",
        "global": "^4.4.0"
      },
      "bin": {
        "muxjs-transmux": "bin/transmux.js"
      },
      "engines": {
        "node": ">=8",
        "npm": ">=5"
      }
    },
    "node_modules/pkcs7": {
      "version": "1.0.4",
      "resolved": "https://registry.npmjs.org/pkcs7/-/pkcs7-1.0.4.tgz",
      "integrity": "sha512-afRERtHn54AlwaF2/+LFszyAANTCggGilmcmILUzEjvs3XgFZT+xE6+QWQcAGmu4xajy+Xtj7acLOPdx5/eXWQ==",
      "license": "Apache-2.0",
      "dependencies": {
        "@babel/runtime": "^7.5.5"
      },
      "bin": {
        "pkcs7": "bin/cli.js"
      }
    },
    "node_modules/process": {
      "version": "0.11.10",
      "resolved": "https://registry.npmjs.org/process/-/process-0.11.10.tgz",
      "integrity": "sha512-cdGef/drWFoydD1JsMzuFf8100nZl+GT+yacc2bEced5f9Rjk4z+WtFUTBu9PhOi9j/jfmBPu0mMEY4wIdAF8A==",
      "license": "MIT",
      "engines": {
        "node": ">= 0.6.0"
      }
    },
    "node_modules/propagating-hammerjs": {
      "version": "3.0.0",
      "resolved": "https://registry.npmjs.org/propagating-hammerjs/-/propagating-hammerjs-3.0.0.tgz",
      "integrity": "sha512-FJTclGll0ysatpF9rKO4jwobyaVDitPb0g/bGlufqqtXPQX8mxf8IXilnIK2iYRMPkVlYeFNhPTrspF9CM1stg==",
      "license": "MIT",
      "peer": true,
      "peerDependencies": {
        "@egjs/hammerjs": "^2.0.17"
      }
    },
    "node_modules/uuid": {
      "version": "14.0.1",
      "resolved": "https://registry.npmjs.org/uuid/-/uuid-14.0.1.tgz",
      "integrity": "sha512-6ZxzVpzDXDa3bJWaHilVayA+BH/1zmxCJoVgvmqJnid/gPoKHxUrS/aC/T6LGQtNHT+XHG9fXPJB4d+IrU30Ew==",
      "funding": [
        "https://github.com/sponsors/broofa",
        "https://github.com/sponsors/ctavan"
      ],
      "license": "MIT",
      "peer": true,
      "bin": {
        "uuid": "dist-node/bin/uuid"
      }
    },
    "node_modules/video.js": {
      "version": "8.23.9",
      "resolved": "https://registry.npmjs.org/video.js/-/video.js-8.23.9.tgz",
      "integrity": "sha512-3UCqyFW4wIusQu4TuhgRUxqtbzbj0WPT9hps0XIEXST43QBD11zb+bG7tBPrinrZztwVYdXCiOBo2pcGj9L05w==",
      "license": "Apache-2.0",
      "dependencies": {
        "@babel/runtime": "^7.28.4",
        "@videojs/http-streaming": "^3.17.5",
        "@videojs/vhs-utils": "^4.1.2",
        "@videojs/xhr": "2.7.0",
        "aes-decrypter": "^4.0.2",
        "global": "4.4.0",
        "m3u8-parser": "^7.2.0",
        "mpd-parser": "^1.4.0",
        "mux.js": "^7.0.1",
        "videojs-contrib-quality-levels": "4.1.0",
        "videojs-font": "4.2.0",
        "videojs-vtt.js": "0.15.5"
      }
    },
    "node_modules/videojs-contrib-quality-levels": {
      "version": "4.1.0",
      "resolved": "https://registry.npmjs.org/videojs-contrib-quality-levels/-/videojs-contrib-quality-levels-4.1.0.tgz",
      "integrity": "sha512-TfrXJJg1Bv4t6TOCMEVMwF/CoS8iENYsWNKip8zfhB5kTcegiFYezEA0eHAJPU64ZC8NQbxQgOwAsYU8VXbOWA==",
      "license": "Apache-2.0",
      "dependencies": {
        "global": "^4.4.0"
      },
      "engines": {
        "node": ">=16",
        "npm": ">=8"
      },
      "peerDependencies": {
        "video.js": "^8"
      }
    },
    "node_modules/videojs-font": {
      "version": "4.2.0",
      "resolved": "https://registry.npmjs.org/videojs-font/-/videojs-font-4.2.0.tgz",
      "integrity": "sha512-YPq+wiKoGy2/M7ccjmlvwi58z2xsykkkfNMyIg4xb7EZQQNwB71hcSsB3o75CqQV7/y5lXkXhI/rsGAS7jfEmQ==",
      "license": "Apache-2.0"
    },
    "node_modules/videojs-vtt.js": {
      "version": "0.15.5",
      "resolved": "https://registry.npmjs.org/videojs-vtt.js/-/videojs-vtt.js-0.15.5.tgz",
      "integrity": "sha512-yZbBxvA7QMYn15Lr/ZfhhLPrNpI/RmCSCqgIff57GC2gIrV5YfyzLfLyZMj0NnZSAz8syB4N0nHXpZg9MyrMOQ==",
      "license": "Apache-2.0",
      "dependencies": {
        "global": "^4.3.1"
      }
    },
    "node_modules/vis-data": {
      "version": "8.0.4",
      "resolved": "https://registry.npmjs.org/vis-data/-/vis-data-8.0.4.tgz",
      "integrity": "sha512-TsN0sMHqIRpdfg6TNPtfdINpkgxtnQP6JNWCaiSwvou5seXqKiP5eERkaBg+Y56wyJ4FZTeOEs/dEmWEPrpltQ==",
      "license": "(Apache-2.0 OR MIT)",
      "peer": true,
      "funding": {
        "type": "opencollective",
        "url": "https://opencollective.com/visjs"
      },
      "peerDependencies": {
        "uuid": "^3.4.0 || ^7.0.0 || ^8.0.0 || ^9.0.0 || ^10.0.0 || ^11.0.0 || ^13.0.0 || ^14.0.0",
        "vis-util": ">=6.0.0"
      }
    },
    "node_modules/vis-timeline": {
      "version": "8.5.1",
      "resolved": "https://registry.npmjs.org/vis-timeline/-/vis-timeline-8.5.1.tgz",
      "integrity": "sha512-6pqx4Zl/xHCEy5nXRaz9xCOx1HtZWkxSIt1oHJmDZy/UxT09kwq1eA4eKRAzhHey3PN1Ee3DsxuxHm7yI2G2mQ==",
      "license": "(Apache-2.0 OR MIT)",
      "funding": {
        "type": "opencollective",
        "url": "https://opencollective.com/visjs"
      },
      "peerDependencies": {
        "@egjs/hammerjs": "^2.0.0",
        "component-emitter": "^1.3.0",
        "keycharm": "^0.2.0 || ^0.3.0 || ^0.4.0",
        "moment": "^2.24.0",
        "propagating-hammerjs": "^1.4.0 || ^2.0.0 || ^3.0.0",
        "uuid": "^3.4.0 || ^7.0.0 || ^8.0.0 || ^9.0.0 || ^10.0.0 || ^11.0.0 || ^13.0.0 || ^14.0.0",
        "vis-data": ">=8.0.0",
        "vis-util": ">=6.0.0",
        "xss": "^1.0.0"
      }
    },
    "node_modules/vis-util": {
      "version": "6.0.0",
      "resolved": "https://registry.npmjs.org/vis-util/-/vis-util-6.0.0.tgz",
      "integrity": "sha512-qtpts3HRma0zPe4bO7t9A2uejkRNj8Z2Tb6do6lN85iPNWExFkUiVhdAq5uLGIUqBFduyYeqWJKv/jMkxX0R5g==",
      "license": "(Apache-2.0 OR MIT)",
      "peer": true,
      "engines": {
        "node": ">=8"
      },
      "funding": {
        "type": "opencollective",
        "url": "https://opencollective.com/visjs"
      },
      "peerDependencies": {
        "@egjs/hammerjs": "^2.0.0",
        "component-emitter": "^1.3.0 || ^2.0.0"
      }
    },
    "node_modules/xss": {
      "version": "1.0.15",
      "resolved": "https://registry.npmjs.org/xss/-/xss-1.0.15.tgz",
      "integrity": "sha512-FVdlVVC67WOIPvfOwhoMETV72f6GbW7aOabBC3WxN/oUdoEMDyLz4OgRv5/gck2ZeNqEQu+Tb0kloovXOfpYVg==",
      "license": "MIT",
      "peer": true,
      "dependencies": {
        "commander": "^2.20.3",
        "cssfilter": "0.0.10"
      },
      "bin": {
        "xss": "bin/xss"
      },
      "engines": {
        "node": ">= 0.10.0"
      }
    }
  }
}
